
Microsoft Visual Studio Solution File, Format Version 12.00
# Visual Studio Version 17
VisualStudioVersion = 17.6.33829.357
MinimumVisualStudioVersion = 10.0.40219.1
Project("{FAE04EC0-301F-11D3-BF4B-00C04F79EFBC}") = "Order.API", "Order.API\Order.API.csproj", "{D134441C-DB69-41C2-99BE-DADD678B9A35}"
EndProject
Project("{FAE04EC0-301F-11D3-BF4B-00C04F79EFBC}") = "Shared", "Shared\Shared.csproj", "{9450F87A-F262-4AE8-BB26-DAA1E35F1937}"
EndProject
Project("{FAE04EC0-301F-11D3-BF4B-00C04F79EFBC}") = "Stock.API", "Stock.API\Stock.API.csproj", "{1A11D97A-746C-4DA4-B424-77843169511B}"
EndProject
Global
	GlobalSection(SolutionConfigurationPlatforms) = preSolution
		Debug|Any CPU = Debug|Any CPU
		Release|Any CPU = Release|Any CPU
	EndGlobalSection
	GlobalSection(ProjectConfigurationPlatforms) = postSolution
		{D134441C-DB69-41C2-99BE-DADD678B9A35}.Debug|Any CPU.ActiveCfg = Debug|Any CPU
		{D134441C-DB69-41C2-99BE-DADD678B9A35}.Debug|Any CPU.Build.0 = Debug|Any CPU
		{D134441C-DB69-41C2-99BE-DADD678B9A35}.Release|Any CPU.ActiveCfg = Release|Any CPU
		{D134441C-DB69-41C2-99BE-DADD678B9A35}.Release|Any CPU.Build.0 = Release|Any CPU
		{9450F87A-F262-4AE8-BB26-DAA1E35F1937}.Debug|Any CPU.ActiveCfg = Debug|Any CPU
		{9450F87A-F262-4AE8-BB26-DAA1E35F1937}.Debug|Any CPU.Build.0 = Debug|Any CPU
		{9450F87A-F262-4AE8-BB26-DAA1E35F1937}.Release|Any CPU.ActiveCfg = Release|Any CPU
		{9450F87A-F262-4AE8-BB26-DAA1E35F1937}.Release|Any CPU.Build.0 = Release|Any CPU
		{1A11D97A-746C-4DA4-B424-77843169511B}.Debug|Any CPU.ActiveCfg = Debug|Any CPU
		{1A11D97A-746C-4DA4-B424-77843169511B}.Debug|Any CPU.Build.0 = Debug|Any CPU
		{1A11D97A-746C-4DA4-B424-77843169511B}.Release|Any CPU.ActiveCfg = Release|Any CPU
		{1A11D97A-746C-4DA4-B424-77843169511B}.Release|Any CPU.Build.0 = Release|Any CPU
	EndGlobalSection
	GlobalSection(SolutionProperties) = preSolution
		HideSolutionNode = FALSE
	EndGlobalSection
	GlobalSection(ExtensibilityGlobals) = postSolution
		SolutionGuid = {269A9AD9-ECE9-4A8D-9658-8E49F91C0BF6}
	EndGlobalSection
EndGlobal
